
Microsoft Visual Studio Solution File, Format Version 12.00
# Visual Studio 15
VisualStudioVersion = 15.0.28307.1525
MinimumVisualStudioVersion = 10.0.40219.1
Project("{FAE04EC0-301F-11D3-BF4B-00C04F79EFBC}") = "RGC_Service", "RGC_Service\RGC_Service.csproj", "{2DCB5523-08A1-43F3-B6D6-DE1A49928598}"
EndProject
Project("{FAE04EC0-301F-11D3-BF4B-00C04F79EFBC}") = "DAL_Service", "DAL_Service\DAL_Service.csproj", "{A8F90A38-80EF-457A-90A2-B6D4981CB65A}"
EndProject
Global
	GlobalSection(SolutionConfigurationPlatforms) = preSolution
		Debug|Any CPU = Debug|Any CPU
		Release|Any CPU = Release|Any CPU
	EndGlobalSection
	GlobalSection(ProjectConfigurationPlatforms) = postSolution
		{2DCB5523-08A1-43F3-B6D6-DE1A49928598}.Debug|Any CPU.ActiveCfg = Debug|Any CPU
		{2DCB5523-08A1-43F3-B6D6-DE1A49928598}.Debug|Any CPU.Build.0 = Debug|Any CPU
		{2DCB5523-08A1-43F3-B6D6-DE1A49928598}.Release|Any CPU.ActiveCfg = Release|Any CPU
		{2DCB5523-08A1-43F3-B6D6-DE1A49928598}.Release|Any CPU.Build.0 = Release|Any CPU
		{A8F90A38-80EF-457A-90A2-B6D4981CB65A}.Debug|Any CPU.ActiveCfg = Debug|Any CPU
		{A8F90A38-80EF-457A-90A2-B6D4981CB65A}.Debug|Any CPU.Build.0 = Debug|Any CPU
		{A8F90A38-80EF-457A-90A2-B6D4981CB65A}.Release|Any CPU.ActiveCfg = Release|Any CPU
		{A8F90A38-80EF-457A-90A2-B6D4981CB65A}.Release|Any CPU.Build.0 = Release|Any CPU
	EndGlobalSection
	GlobalSection(SolutionProperties) = preSolution
		HideSolutionNode = FALSE
	EndGlobalSection
	GlobalSection(ExtensibilityGlobals) = postSolution
		SolutionGuid = {DF65111C-462C-4F4C-9DAF-222AA5A3BC9A}
	EndGlobalSection
EndGlobal
